{
  "requires": true,
  "lockfileVersion": 1,
  "dependencies": {
    "font-awesome": {
      "version": "4.7.0",
      "resolved": "https://registry.npmjs.org/font-awesome/-/font-awesome-4.7.0.tgz",
      "integrity": "sha1-j6jPBBGhoxr9B7BtKQK7n8gVoTM="
    },
    "jquery.easing": {
      "version": "1.4.1",
      "resolved": "https://registry.npmjs.org/jquery.easing/-/jquery.easing-1.4.1.tgz",
      "integrity": "sha1-R5gsWDa9dY/UhJSSPEoQHvbpPjs="
    },
    "ng2-breadcrumbs": {
      "version": "0.1.281",
      "resolved": "https://registry.npmjs.org/ng2-breadcrumbs/-/ng2-breadcrumbs-0.1.281.tgz",
      "integrity": "sha1-OKZsYoD7BgwacyQ7ezP3zZ88waY="
    },
    "popper.js": {
      "version": "1.12.3",
      "resolved": "https://registry.npmjs.org/popper.js/-/popper.js-1.12.3.tgz",
      "integrity": "sha512-yeccDWm2ZYbygDVKJxkyMkwjsDAP5/AROns/nN4ofdMghouyHzu4p3r27nkRGAcQXSYZJ+dqgKug6viAhszfUg=="
    }
  }
}
